
Microsoft Visual Studio Solution File, Format Version 12.00
# Visual Studio Version 17
VisualStudioVersion = 17.2.32516.85
MinimumVisualStudioVersion = 10.0.40219.1
Project("{9A19103F-16F7-4668-BE54-9A1E7A4F7556}") = "MyMicroservice", "MyMicroservice.csproj", "{7C2E6969-F547-4253-ABA3-3F720DEAE659}"
EndProject
Project("{FAE04EC0-301F-11D3-BF4B-00C04F79EFBC}") = "DalDB", "..\DalDB\DalDB.csproj", "{A6949231-8261-4FFD-8895-822DB6319DA8}"
EndProject
Global
	GlobalSection(SolutionConfigurationPlatforms) = preSolution
		Debug|Any CPU = Debug|Any CPU
		Release|Any CPU = Release|Any CPU
	EndGlobalSection
	GlobalSection(ProjectConfigurationPlatforms) = postSolution
		{7C2E6969-F547-4253-ABA3-3F720DEAE659}.Debug|Any CPU.ActiveCfg = Debug|Any CPU
		{7C2E6969-F547-4253-ABA3-3F720DEAE659}.Debug|Any CPU.Build.0 = Debug|Any CPU
		{7C2E6969-F547-4253-ABA3-3F720DEAE659}.Release|Any CPU.ActiveCfg = Release|Any CPU
		{7C2E6969-F547-4253-ABA3-3F720DEAE659}.Release|Any CPU.Build.0 = Release|Any CPU
		{A6949231-8261-4FFD-8895-822DB6319DA8}.Debug|Any CPU.ActiveCfg = Debug|Any CPU
		{A6949231-8261-4FFD-8895-822DB6319DA8}.Debug|Any CPU.Build.0 = Debug|Any CPU
		{A6949231-8261-4FFD-8895-822DB6319DA8}.Release|Any CPU.ActiveCfg = Release|Any CPU
		{A6949231-8261-4FFD-8895-822DB6319DA8}.Release|Any CPU.Build.0 = Release|Any CPU
	EndGlobalSection
	GlobalSection(SolutionProperties) = preSolution
		HideSolutionNode = FALSE
	EndGlobalSection
	GlobalSection(ExtensibilityGlobals) = postSolution
		SolutionGuid = {0536BECA-A937-4A57-80F3-55A54CCBBEA4}
	EndGlobalSection
EndGlobal
